
Microsoft Visual Studio Solution File, Format Version 12.00
# Visual Studio Version 16
VisualStudioVersion = 16.0.30523.141
MinimumVisualStudioVersion = 10.0.40219.1
Project("{FAE04EC0-301F-11D3-BF4B-00C04F79EFBC}") = "Pui_Madalina_Lab6", "Pui_Madalina_Lab6.csproj", "{62097F6D-18E0-4C57-BA05-0EBA18F4EC96}"
EndProject
Project("{FAE04EC0-301F-11D3-BF4B-00C04F79EFBC}") = "AutoLotModel", "..\AutoLotModel\AutoLotModel.csproj", "{6F5398D8-D3A2-4CA0-A4A8-5154F06AE78D}"
EndProject
Global
	GlobalSection(SolutionConfigurationPlatforms) = preSolution
		Debug|Any CPU = Debug|Any CPU
		Release|Any CPU = Release|Any CPU
	EndGlobalSection
	GlobalSection(ProjectConfigurationPlatforms) = postSolution
		{62097F6D-18E0-4C57-BA05-0EBA18F4EC96}.Debug|Any CPU.ActiveCfg = Debug|Any CPU
		{62097F6D-18E0-4C57-BA05-0EBA18F4EC96}.Debug|Any CPU.Build.0 = Debug|Any CPU
		{62097F6D-18E0-4C57-BA05-0EBA18F4EC96}.Release|Any CPU.ActiveCfg = Release|Any CPU
		{62097F6D-18E0-4C57-BA05-0EBA18F4EC96}.Release|Any CPU.Build.0 = Release|Any CPU
		{6F5398D8-D3A2-4CA0-A4A8-5154F06AE78D}.Debug|Any CPU.ActiveCfg = Debug|Any CPU
		{6F5398D8-D3A2-4CA0-A4A8-5154F06AE78D}.Debug|Any CPU.Build.0 = Debug|Any CPU
		{6F5398D8-D3A2-4CA0-A4A8-5154F06AE78D}.Release|Any CPU.ActiveCfg = Release|Any CPU
		{6F5398D8-D3A2-4CA0-A4A8-5154F06AE78D}.Release|Any CPU.Build.0 = Release|Any CPU
	EndGlobalSection
	GlobalSection(SolutionProperties) = preSolution
		HideSolutionNode = FALSE
	EndGlobalSection
	GlobalSection(ExtensibilityGlobals) = postSolution
		SolutionGuid = {33E53185-7FA6-443A-B06D-BDECE63FD00A}
	EndGlobalSection
EndGlobal
